{
	"name": "@printf83/bsts",
	"version": "0.1.0",
	"lockfileVersion": 3,
	"requires": true,
	"packages": {
		"": {
			"name": "@printf83/bsts",
			"version": "0.1.0",
			"license": "MIT",
			"devDependencies": {
				"typescript": "^5.0.0-beta"
			}
		},
		"node_modules/typescript": {
			"version": "5.0.0-dev.20230201",
			"resolved": "https://registry.npmjs.org/typescript/-/typescript-5.0.0-dev.20230201.tgz",
			"integrity": "sha512-pm0yhjZLWOXF1eWp07qymk04I6IM8CUFAKgwFpilOqrD0y3ZDpi997Ah7I4vrRoH3YQzT1fCyuUUYOBZwZ0C1Q==",
			"dev": true,
			"bin": {
				"tsc": "bin/tsc",
				"tsserver": "bin/tsserver"
			},
			"engines": {
				"node": ">=4.2.0"
			}
		}
	}
}
