{
	"name": "@printf83/bsts",
	"version": "0.2.8",
	"lockfileVersion": 3,
	"requires": true,
	"packages": {
		"": {
			"name": "@printf83/bsts",
			"version": "0.2.8",
			"license": "MIT",
			"dependencies": {
				"bootstrap": "^5.3.0"
			},
			"devDependencies": {
				"@types/bootstrap": "^5.2.6",
				"@types/node": "^20.4.1",
				"typescript": "^5.1.6"
			}
		},
		"node_modules/@popperjs/core": {
			"version": "2.11.8",
			"resolved": "https://registry.npmjs.org/@popperjs/core/-/core-2.11.8.tgz",
			"integrity": "sha512-P1st0aksCrn9sGZhp8GMYwBnQsbvAWsZAX44oXNNvLHGqAOcoVxmjZiohstwQ7SqKnbR47akdNi+uleWD8+g6A==",
			"funding": {
				"type": "opencollective",
				"url": "https://opencollective.com/popperjs"
			}
		},
		"node_modules/@types/bootstrap": {
			"version": "5.2.6",
			"resolved": "https://registry.npmjs.org/@types/bootstrap/-/bootstrap-5.2.6.tgz",
			"integrity": "sha512-BlAc3YATdasbHoxMoBWODrSF6qwQO/E9X8wVxCCSa6rWjnaZfpkr2N6pUMCY6jj2+wf0muUtLySbvU9etX6YqA==",
			"dev": true,
			"dependencies": {
				"@popperjs/core": "^2.9.2"
			}
		},
		"node_modules/@types/node": {
			"version": "20.4.1",
			"resolved": "https://registry.npmjs.org/@types/node/-/node-20.4.1.tgz",
			"integrity": "sha512-JIzsAvJeA/5iY6Y/OxZbv1lUcc8dNSE77lb2gnBH+/PJ3lFR1Ccvgwl5JWnHAkNHcRsT0TbpVOsiMKZ1F/yyJg==",
			"dev": true
		},
		"node_modules/bootstrap": {
			"version": "5.3.0",
			"resolved": "https://registry.npmjs.org/bootstrap/-/bootstrap-5.3.0.tgz",
			"integrity": "sha512-UnBV3E3v4STVNQdms6jSGO2CvOkjUMdDAVR2V5N4uCMdaIkaQjbcEAMqRimDHIs4uqBYzDAKCQwCB+97tJgHQw==",
			"funding": [
				{
					"type": "github",
					"url": "https://github.com/sponsors/twbs"
				},
				{
					"type": "opencollective",
					"url": "https://opencollective.com/bootstrap"
				}
			],
			"peerDependencies": {
				"@popperjs/core": "^2.11.7"
			}
		},
		"node_modules/typescript": {
			"version": "5.1.6",
			"resolved": "https://registry.npmjs.org/typescript/-/typescript-5.1.6.tgz",
			"integrity": "sha512-zaWCozRZ6DLEWAWFrVDz1H6FVXzUSfTy5FUMWsQlU8Ym5JP9eO4xkTIROFCQvhQf61z6O/G6ugw3SgAnvvm+HA==",
			"dev": true,
			"bin": {
				"tsc": "bin/tsc",
				"tsserver": "bin/tsserver"
			},
			"engines": {
				"node": ">=14.17"
			}
		}
	}
}
