{
	"name": "bsts",
	"version": "0.1.0",
	"lockfileVersion": 2,
	"requires": true,
	"packages": {
		"": {
			"name": "bsts",
			"version": "0.1.0",
			"license": "MIT",
			"dependencies": {
				"@printf83/bsts": "^0.0.1"
			},
			"devDependencies": {
				"typescript": "^4.9.3"
			}
		},
		"node_modules/@printf83/bsts": {
			"version": "0.0.1",
			"resolved": "https://registry.npmjs.org/@printf83/bsts/-/bsts-0.0.1.tgz",
			"integrity": "sha512-DGNL/pPm/nIW6zU1yFk/OvKRpk32RneBe/5Rv69kdi53qEqQGTkUt9n/W/4dLlAtnmplPt3s6r5zL2U0YBZtpQ=="
		},
		"node_modules/typescript": {
			"version": "4.9.3",
			"resolved": "https://registry.npmjs.org/typescript/-/typescript-4.9.3.tgz",
			"integrity": "sha512-CIfGzTelbKNEnLpLdGFgdyKhG23CKdKgQPOBc+OUNrkJ2vr+KSzsSV5kq5iWhEQbok+quxgGzrAtGWCyU7tHnA==",
			"dev": true,
			"bin": {
				"tsc": "bin/tsc",
				"tsserver": "bin/tsserver"
			},
			"engines": {
				"node": ">=4.2.0"
			}
		}
	},
	"dependencies": {
		"@printf83/bsts": {
			"version": "0.0.1",
			"resolved": "https://registry.npmjs.org/@printf83/bsts/-/bsts-0.0.1.tgz",
			"integrity": "sha512-DGNL/pPm/nIW6zU1yFk/OvKRpk32RneBe/5Rv69kdi53qEqQGTkUt9n/W/4dLlAtnmplPt3s6r5zL2U0YBZtpQ=="
		},
		"typescript": {
			"version": "4.9.3",
			"resolved": "https://registry.npmjs.org/typescript/-/typescript-4.9.3.tgz",
			"integrity": "sha512-CIfGzTelbKNEnLpLdGFgdyKhG23CKdKgQPOBc+OUNrkJ2vr+KSzsSV5kq5iWhEQbok+quxgGzrAtGWCyU7tHnA==",
			"dev": true
		}
	}
}
